
Microsoft Visual Studio Solution File, Format Version 12.00
# Visual Studio Version 17
VisualStudioVersion = 17.10.35122.118
MinimumVisualStudioVersion = 10.0.40219.1
Project("{9A19103F-16F7-4668-BE54-9A1E7A4F7556}") = "Orders Managment System", "Orders Managment System.csproj", "{0C591B58-1C36-45AE-94B4-D2AF67C03B1A}"
EndProject
Global
	GlobalSection(SolutionConfigurationPlatforms) = preSolution
		Debug|Any CPU = Debug|Any CPU
		Release|Any CPU = Release|Any CPU
	EndGlobalSection
	GlobalSection(ProjectConfigurationPlatforms) = postSolution
		{0C591B58-1C36-45AE-94B4-D2AF67C03B1A}.Debug|Any CPU.ActiveCfg = Debug|Any CPU
		{0C591B58-1C36-45AE-94B4-D2AF67C03B1A}.Debug|Any CPU.Build.0 = Debug|Any CPU
		{0C591B58-1C36-45AE-94B4-D2AF67C03B1A}.Release|Any CPU.ActiveCfg = Release|Any CPU
		{0C591B58-1C36-45AE-94B4-D2AF67C03B1A}.Release|Any CPU.Build.0 = Release|Any CPU
	EndGlobalSection
	GlobalSection(SolutionProperties) = preSolution
		HideSolutionNode = FALSE
	EndGlobalSection
	GlobalSection(ExtensibilityGlobals) = postSolution
		SolutionGuid = {3FCE7010-47B3-4439-807B-4B0EBEB7D08B}
	EndGlobalSection
EndGlobal
